
Microsoft Visual Studio Solution File, Format Version 12.00
# Visual Studio Version 17
VisualStudioVersion = 17.8.34330.188
MinimumVisualStudioVersion = 10.0.40219.1
Project("{FAE04EC0-301F-11D3-BF4B-00C04F79EFBC}") = "asss1", "asss1\asss1.csproj", "{EA8E73FC-2CC8-4156-BD33-5A5CEA6962F2}"
EndProject
Project("{FAE04EC0-301F-11D3-BF4B-00C04F79EFBC}") = "Four-Function_Calculator", "ConsoleApp1\Four-Function_Calculator.csproj", "{20F9E547-3BCC-46EC-81C0-2332158852F5}"
EndProject
Project("{FAE04EC0-301F-11D3-BF4B-00C04F79EFBC}") = "Four-Function_Calculator_Using_Do-While", "Four-Function_Calculator_Using_Do-While\Four-Function_Calculator_Using_Do-While.csproj", "{684C90D0-29F6-4F88-A3BB-FA975DB6375A}"
EndProject
Global
	GlobalSection(SolutionConfigurationPlatforms) = preSolution
		Debug|Any CPU = Debug|Any CPU
		Release|Any CPU = Release|Any CPU
	EndGlobalSection
	GlobalSection(ProjectConfigurationPlatforms) = postSolution
		{EA8E73FC-2CC8-4156-BD33-5A5CEA6962F2}.Debug|Any CPU.ActiveCfg = Debug|Any CPU
		{EA8E73FC-2CC8-4156-BD33-5A5CEA6962F2}.Debug|Any CPU.Build.0 = Debug|Any CPU
		{EA8E73FC-2CC8-4156-BD33-5A5CEA6962F2}.Release|Any CPU.ActiveCfg = Release|Any CPU
		{EA8E73FC-2CC8-4156-BD33-5A5CEA6962F2}.Release|Any CPU.Build.0 = Release|Any CPU
		{20F9E547-3BCC-46EC-81C0-2332158852F5}.Debug|Any CPU.ActiveCfg = Debug|Any CPU
		{20F9E547-3BCC-46EC-81C0-2332158852F5}.Debug|Any CPU.Build.0 = Debug|Any CPU
		{20F9E547-3BCC-46EC-81C0-2332158852F5}.Release|Any CPU.ActiveCfg = Release|Any CPU
		{20F9E547-3BCC-46EC-81C0-2332158852F5}.Release|Any CPU.Build.0 = Release|Any CPU
		{684C90D0-29F6-4F88-A3BB-FA975DB6375A}.Debug|Any CPU.ActiveCfg = Debug|Any CPU
		{684C90D0-29F6-4F88-A3BB-FA975DB6375A}.Debug|Any CPU.Build.0 = Debug|Any CPU
		{684C90D0-29F6-4F88-A3BB-FA975DB6375A}.Release|Any CPU.ActiveCfg = Release|Any CPU
		{684C90D0-29F6-4F88-A3BB-FA975DB6375A}.Release|Any CPU.Build.0 = Release|Any CPU
	EndGlobalSection
	GlobalSection(SolutionProperties) = preSolution
		HideSolutionNode = FALSE
	EndGlobalSection
	GlobalSection(ExtensibilityGlobals) = postSolution
		SolutionGuid = {CAEAECF9-7AEE-40E6-A822-879014CCD845}
	EndGlobalSection
EndGlobal
